
Microsoft Visual Studio Solution File, Format Version 12.00
# Visual Studio Version 17
VisualStudioVersion = 17.4.33403.182
MinimumVisualStudioVersion = 10.0.40219.1
Project("{FAE04EC0-301F-11D3-BF4B-00C04F79EFBC}") = "GuitarShop", "GuitarShop\GuitarShop.csproj", "{AAD6856B-975D-4A06-9118-295B319DEDC4}"
EndProject
Global
	GlobalSection(SolutionConfigurationPlatforms) = preSolution
		Debug|Any CPU = Debug|Any CPU
		Release|Any CPU = Release|Any CPU
	EndGlobalSection
	GlobalSection(ProjectConfigurationPlatforms) = postSolution
		{AAD6856B-975D-4A06-9118-295B319DEDC4}.Debug|Any CPU.ActiveCfg = Debug|Any CPU
		{AAD6856B-975D-4A06-9118-295B319DEDC4}.Debug|Any CPU.Build.0 = Debug|Any CPU
		{AAD6856B-975D-4A06-9118-295B319DEDC4}.Release|Any CPU.ActiveCfg = Release|Any CPU
		{AAD6856B-975D-4A06-9118-295B319DEDC4}.Release|Any CPU.Build.0 = Release|Any CPU
	EndGlobalSection
	GlobalSection(SolutionProperties) = preSolution
		HideSolutionNode = FALSE
	EndGlobalSection
	GlobalSection(ExtensibilityGlobals) = postSolution
		SolutionGuid = {E2CAC22F-2696-49FF-AB99-687876D8F900}
	EndGlobalSection
EndGlobal
